
Microsoft Visual Studio Solution File, Format Version 12.00
# Visual Studio Version 16
VisualStudioVersion = 16.0.32126.315
MinimumVisualStudioVersion = 10.0.40219.1
Project("{888888A0-9F3D-457C-B088-3A5042F75D52}") = "pong.py", "pong.py\pong.py.pyproj", "{C837ABB7-5115-497A-9208-395D688186B6}"
EndProject
Global
	GlobalSection(SolutionConfigurationPlatforms) = preSolution
		Debug|Any CPU = Debug|Any CPU
		Release|Any CPU = Release|Any CPU
	EndGlobalSection
	GlobalSection(ProjectConfigurationPlatforms) = postSolution
		{C837ABB7-5115-497A-9208-395D688186B6}.Debug|Any CPU.ActiveCfg = Debug|Any CPU
		{C837ABB7-5115-497A-9208-395D688186B6}.Release|Any CPU.ActiveCfg = Release|Any CPU
	EndGlobalSection
	GlobalSection(SolutionProperties) = preSolution
		HideSolutionNode = FALSE
	EndGlobalSection
	GlobalSection(ExtensibilityGlobals) = postSolution
		SolutionGuid = {80EC1E94-CE23-4BF7-AE60-F9F3A0C19285}
	EndGlobalSection
EndGlobal
